
Microsoft Visual Studio Solution File, Format Version 12.00
# Visual Studio 14
VisualStudioVersion = 14.0.25420.1
MinimumVisualStudioVersion = 10.0.40219.1
Project("{2150E333-8FDC-42A3-9474-1A3956D46DE8}") = "1. BL", "1. BL", "{B39AAF90-653D-48FB-B326-DCF18A9CDC81}"
EndProject
Project("{2150E333-8FDC-42A3-9474-1A3956D46DE8}") = "2. Hosts", "2. Hosts", "{7B833D12-7511-43EE-899C-F0919FC463BA}"
EndProject
Project("{FAE04EC0-301F-11D3-BF4B-00C04F79EFBC}") = "Ducksoft.SOA.BL.Logging", "Ducksoft.SOA.BL.Logging\Ducksoft.SOA.BL.Logging.csproj", "{0188EF4B-F1CC-422F-9B3A-A1A2BA1B2D01}"
EndProject
Project("{FAE04EC0-301F-11D3-BF4B-00C04F79EFBC}") = "Ducksoft.SOA.Logging.WebHost", "Ducksoft.SOA.Logging.WebHost\Ducksoft.SOA.Logging.WebHost.csproj", "{75A4EF48-6098-4A6E-8FA3-5BFE86264BE4}"
EndProject
Project("{2150E333-8FDC-42A3-9474-1A3956D46DE8}") = "Solution Items", "Solution Items", "{23AF5F0E-4255-44EA-B500-B2993C2416EA}"
	ProjectSection(SolutionItems) = preProject
		.gitattributes = .gitattributes
		.gitignore = .gitignore
		LICENSE = LICENSE
		README.md = README.md
	EndProjectSection
EndProject
Project("{2150E333-8FDC-42A3-9474-1A3956D46DE8}") = "3. Clients", "3. Clients", "{701135CC-E041-4B71-AB95-472283DBFA13}"
EndProject
Project("{FAE04EC0-301F-11D3-BF4B-00C04F79EFBC}") = "Ducksoft.SOA.Logging.Console", "Ducksoft.SOA.Logging.Console\Ducksoft.SOA.Logging.Console.csproj", "{C855934E-34F2-4DE2-82FB-8801B3C76789}"
	ProjectSection(ProjectDependencies) = postProject
		{75A4EF48-6098-4A6E-8FA3-5BFE86264BE4} = {75A4EF48-6098-4A6E-8FA3-5BFE86264BE4}
	EndProjectSection
EndProject
Global
	GlobalSection(SolutionConfigurationPlatforms) = preSolution
		Debug|Any CPU = Debug|Any CPU
		Release|Any CPU = Release|Any CPU
	EndGlobalSection
	GlobalSection(ProjectConfigurationPlatforms) = postSolution
		{0188EF4B-F1CC-422F-9B3A-A1A2BA1B2D01}.Debug|Any CPU.ActiveCfg = Debug|Any CPU
		{0188EF4B-F1CC-422F-9B3A-A1A2BA1B2D01}.Debug|Any CPU.Build.0 = Debug|Any CPU
		{0188EF4B-F1CC-422F-9B3A-A1A2BA1B2D01}.Release|Any CPU.ActiveCfg = Release|Any CPU
		{0188EF4B-F1CC-422F-9B3A-A1A2BA1B2D01}.Release|Any CPU.Build.0 = Release|Any CPU
		{75A4EF48-6098-4A6E-8FA3-5BFE86264BE4}.Debug|Any CPU.ActiveCfg = Debug|Any CPU
		{75A4EF48-6098-4A6E-8FA3-5BFE86264BE4}.Debug|Any CPU.Build.0 = Debug|Any CPU
		{75A4EF48-6098-4A6E-8FA3-5BFE86264BE4}.Release|Any CPU.ActiveCfg = Release|Any CPU
		{75A4EF48-6098-4A6E-8FA3-5BFE86264BE4}.Release|Any CPU.Build.0 = Release|Any CPU
		{C855934E-34F2-4DE2-82FB-8801B3C76789}.Debug|Any CPU.ActiveCfg = Debug|Any CPU
		{C855934E-34F2-4DE2-82FB-8801B3C76789}.Debug|Any CPU.Build.0 = Debug|Any CPU
		{C855934E-34F2-4DE2-82FB-8801B3C76789}.Release|Any CPU.ActiveCfg = Release|Any CPU
		{C855934E-34F2-4DE2-82FB-8801B3C76789}.Release|Any CPU.Build.0 = Release|Any CPU
	EndGlobalSection
	GlobalSection(SolutionProperties) = preSolution
		HideSolutionNode = FALSE
	EndGlobalSection
	GlobalSection(NestedProjects) = preSolution
		{0188EF4B-F1CC-422F-9B3A-A1A2BA1B2D01} = {B39AAF90-653D-48FB-B326-DCF18A9CDC81}
		{75A4EF48-6098-4A6E-8FA3-5BFE86264BE4} = {7B833D12-7511-43EE-899C-F0919FC463BA}
		{C855934E-34F2-4DE2-82FB-8801B3C76789} = {701135CC-E041-4B71-AB95-472283DBFA13}
	EndGlobalSection
EndGlobal
